
Microsoft Visual Studio Solution File, Format Version 12.00
# Visual Studio Version 16
VisualStudioVersion = 16.0.31424.327
MinimumVisualStudioVersion = 10.0.40219.1
Project("{FAE04EC0-301F-11D3-BF4B-00C04F79EFBC}") = "EmployeePayroll_MultiThreading", "EmployeePayroll_MultiThreading.csproj", "{262168D0-C7F7-4462-AE2C-60B4AE25F7D3}"
EndProject
Global
	GlobalSection(SolutionConfigurationPlatforms) = preSolution
		Debug|Any CPU = Debug|Any CPU
		Release|Any CPU = Release|Any CPU
	EndGlobalSection
	GlobalSection(ProjectConfigurationPlatforms) = postSolution
		{262168D0-C7F7-4462-AE2C-60B4AE25F7D3}.Debug|Any CPU.ActiveCfg = Debug|Any CPU
		{262168D0-C7F7-4462-AE2C-60B4AE25F7D3}.Debug|Any CPU.Build.0 = Debug|Any CPU
		{262168D0-C7F7-4462-AE2C-60B4AE25F7D3}.Release|Any CPU.ActiveCfg = Release|Any CPU
		{262168D0-C7F7-4462-AE2C-60B4AE25F7D3}.Release|Any CPU.Build.0 = Release|Any CPU
	EndGlobalSection
	GlobalSection(SolutionProperties) = preSolution
		HideSolutionNode = FALSE
	EndGlobalSection
	GlobalSection(ExtensibilityGlobals) = postSolution
		SolutionGuid = {01195859-9D18-4CD5-9AD5-2F440CCCE71F}
	EndGlobalSection
EndGlobal
